
Microsoft Visual Studio Solution File, Format Version 12.00
# Visual Studio Version 17
VisualStudioVersion = 17.11.35312.102
MinimumVisualStudioVersion = 10.0.40219.1
Project("{FAE04EC0-301F-11D3-BF4B-00C04F79EFBC}") = "Abstraindo um celular em C Sharp", "Abstraindo um celular em C Sharp.csproj", "{854BB013-09E6-4E48-82A9-41DF41363ADB}"
EndProject
Global
	GlobalSection(SolutionConfigurationPlatforms) = preSolution
		Debug|Any CPU = Debug|Any CPU
		Release|Any CPU = Release|Any CPU
	EndGlobalSection
	GlobalSection(ProjectConfigurationPlatforms) = postSolution
		{854BB013-09E6-4E48-82A9-41DF41363ADB}.Debug|Any CPU.ActiveCfg = Debug|Any CPU
		{854BB013-09E6-4E48-82A9-41DF41363ADB}.Debug|Any CPU.Build.0 = Debug|Any CPU
		{854BB013-09E6-4E48-82A9-41DF41363ADB}.Release|Any CPU.ActiveCfg = Release|Any CPU
		{854BB013-09E6-4E48-82A9-41DF41363ADB}.Release|Any CPU.Build.0 = Release|Any CPU
	EndGlobalSection
	GlobalSection(SolutionProperties) = preSolution
		HideSolutionNode = FALSE
	EndGlobalSection
	GlobalSection(ExtensibilityGlobals) = postSolution
		SolutionGuid = {5B45F244-2822-4571-A7F0-D1621165FEDD}
	EndGlobalSection
EndGlobal
